
Microsoft Visual Studio Solution File, Format Version 12.00
# Visual Studio Version 16
VisualStudioVersion = 16.0.30413.136
MinimumVisualStudioVersion = 10.0.40219.1
Project("{FAE04EC0-301F-11D3-BF4B-00C04F79EFBC}") = "GePE", "GePE\GePE.csproj", "{9965E820-2CD4-4773-AC85-AEC9ECC140BF}"
EndProject
Project("{FAE04EC0-301F-11D3-BF4B-00C04F79EFBC}") = "Entidades", "Entidades\Entidades.csproj", "{7E558030-D89C-449B-B780-7C42A9DD9735}"
EndProject
Project("{FAE04EC0-301F-11D3-BF4B-00C04F79EFBC}") = "Negocios", "Negocios\Negocios.csproj", "{1F0AF144-6CB0-4E94-AE53-EFE9D2660098}"
EndProject
Global
	GlobalSection(SolutionConfigurationPlatforms) = preSolution
		Debug|Any CPU = Debug|Any CPU
		Release|Any CPU = Release|Any CPU
	EndGlobalSection
	GlobalSection(ProjectConfigurationPlatforms) = postSolution
		{9965E820-2CD4-4773-AC85-AEC9ECC140BF}.Debug|Any CPU.ActiveCfg = Debug|Any CPU
		{9965E820-2CD4-4773-AC85-AEC9ECC140BF}.Debug|Any CPU.Build.0 = Debug|Any CPU
		{9965E820-2CD4-4773-AC85-AEC9ECC140BF}.Release|Any CPU.ActiveCfg = Release|Any CPU
		{9965E820-2CD4-4773-AC85-AEC9ECC140BF}.Release|Any CPU.Build.0 = Release|Any CPU
		{7E558030-D89C-449B-B780-7C42A9DD9735}.Debug|Any CPU.ActiveCfg = Debug|Any CPU
		{7E558030-D89C-449B-B780-7C42A9DD9735}.Debug|Any CPU.Build.0 = Debug|Any CPU
		{7E558030-D89C-449B-B780-7C42A9DD9735}.Release|Any CPU.ActiveCfg = Release|Any CPU
		{7E558030-D89C-449B-B780-7C42A9DD9735}.Release|Any CPU.Build.0 = Release|Any CPU
		{1F0AF144-6CB0-4E94-AE53-EFE9D2660098}.Debug|Any CPU.ActiveCfg = Debug|Any CPU
		{1F0AF144-6CB0-4E94-AE53-EFE9D2660098}.Debug|Any CPU.Build.0 = Debug|Any CPU
		{1F0AF144-6CB0-4E94-AE53-EFE9D2660098}.Release|Any CPU.ActiveCfg = Release|Any CPU
		{1F0AF144-6CB0-4E94-AE53-EFE9D2660098}.Release|Any CPU.Build.0 = Release|Any CPU
	EndGlobalSection
	GlobalSection(SolutionProperties) = preSolution
		HideSolutionNode = FALSE
	EndGlobalSection
	GlobalSection(ExtensibilityGlobals) = postSolution
		SolutionGuid = {0C32121A-438A-4C8E-B3D8-1D1EF4A3B190}
	EndGlobalSection
EndGlobal
